// !$*UTF8*$!
{
	archiveVersion = 1;
	classes = {
	};
	objectVersion = 42;
	objects = {

/* Begin PBXBuildFile section */
		5807CE6F12E0F7E0007B0D76 /* InfoPlist.strings in Resources */ = {isa = PBXBuildFile; fileRef = 5807CE6D12E0F7E0007B0D76 /* InfoPlist.strings */; };
		5837788212D65B3800704695 /* StereotaxPointController.h in Headers */ = {isa = PBXBuildFile; fileRef = 5837788012D65B3800704695 /* StereotaxPointController.h */; };
		5837788312D65B3800704695 /* StereotaxPointController.m in Sources */ = {isa = PBXBuildFile; fileRef = 5837788112D65B3800704695 /* StereotaxPointController.m */; };
		583778BC12D65DF800704695 /* StereotaxPointHUD.xib in Resources */ = {isa = PBXBuildFile; fileRef = 583778BB12D65DF800704695 /* StereotaxPointHUD.xib */; };
		589A041912D7AC710020A7E6 /* CLUTOpacityView.h in Headers */ = {isa = PBXBuildFile; fileRef = 589A040412D7AC710020A7E6 /* CLUTOpacityView.h */; };
		589A041A12D7AC710020A7E6 /* ColorTransferView.h in Headers */ = {isa = PBXBuildFile; fileRef = 589A040512D7AC710020A7E6 /* ColorTransferView.h */; };
		589A041B12D7AC710020A7E6 /* ColorView.h in Headers */ = {isa = PBXBuildFile; fileRef = 589A040612D7AC710020A7E6 /* ColorView.h */; };
		589A041C12D7AC710020A7E6 /* Camera.h in Headers */ = {isa = PBXBuildFile; fileRef = 589A040712D7AC710020A7E6 /* Camera.h */; };
		589A041D12D7AC710020A7E6 /* FlyThru.h in Headers */ = {isa = PBXBuildFile; fileRef = 589A040812D7AC710020A7E6 /* FlyThru.h */; };
		589A041E12D7AC710020A7E6 /* FlyThruAdapter.h in Headers */ = {isa = PBXBuildFile; fileRef = 589A040912D7AC710020A7E6 /* FlyThruAdapter.h */; };
		589A041F12D7AC710020A7E6 /* FlyThruController.h in Headers */ = {isa = PBXBuildFile; fileRef = 589A040A12D7AC710020A7E6 /* FlyThruController.h */; };
		589A042012D7AC710020A7E6 /* FlyThruStepsArrayController.h in Headers */ = {isa = PBXBuildFile; fileRef = 589A040B12D7AC710020A7E6 /* FlyThruStepsArrayController.h */; };
		589A042112D7AC710020A7E6 /* Interpolation3D.h in Headers */ = {isa = PBXBuildFile; fileRef = 589A040C12D7AC710020A7E6 /* Interpolation3D.h */; };
		589A042212D7AC710020A7E6 /* MPRDCMView.h in Headers */ = {isa = PBXBuildFile; fileRef = 589A040D12D7AC710020A7E6 /* MPRDCMView.h */; };
		589A042312D7AC710020A7E6 /* MPRController.h in Headers */ = {isa = PBXBuildFile; fileRef = 589A040E12D7AC710020A7E6 /* MPRController.h */; };
		589A042412D7AC710020A7E6 /* NSFullScreenWindow.h in Headers */ = {isa = PBXBuildFile; fileRef = 589A040F12D7AC710020A7E6 /* NSFullScreenWindow.h */; };
		589A042512D7AC710020A7E6 /* OpacityTransferView.h in Headers */ = {isa = PBXBuildFile; fileRef = 589A041012D7AC710020A7E6 /* OpacityTransferView.h */; };
		589A042612D7AC710020A7E6 /* Point3D.h in Headers */ = {isa = PBXBuildFile; fileRef = 589A041112D7AC710020A7E6 /* Point3D.h */; };
		589A042712D7AC710020A7E6 /* QuicktimeExport.h in Headers */ = {isa = PBXBuildFile; fileRef = 589A041212D7AC710020A7E6 /* QuicktimeExport.h */; };
		589A042812D7AC710020A7E6 /* ShadingArrayController.h in Headers */ = {isa = PBXBuildFile; fileRef = 589A041312D7AC710020A7E6 /* ShadingArrayController.h */; };
		589A042912D7AC710020A7E6 /* VRController.h in Headers */ = {isa = PBXBuildFile; fileRef = 589A041412D7AC710020A7E6 /* VRController.h */; };
		589A042A12D7AC710020A7E6 /* VRFlyThruAdapter.h in Headers */ = {isa = PBXBuildFile; fileRef = 589A041512D7AC710020A7E6 /* VRFlyThruAdapter.h */; };
		589A042B12D7AC710020A7E6 /* VRView.h in Headers */ = {isa = PBXBuildFile; fileRef = 589A041612D7AC710020A7E6 /* VRView.h */; };
		589A042C12D7AC710020A7E6 /* WaitRendering.h in Headers */ = {isa = PBXBuildFile; fileRef = 589A041712D7AC710020A7E6 /* WaitRendering.h */; };
		589A042D12D7AC710020A7E6 /* Window3DController.h in Headers */ = {isa = PBXBuildFile; fileRef = 589A041812D7AC710020A7E6 /* Window3DController.h */; };
		589A043712D7AC820020A7E6 /* MPRHeaders.h in Headers */ = {isa = PBXBuildFile; fileRef = 589A043612D7AC820020A7E6 /* MPRHeaders.h */; };
		59C2B9290FF0ED7100B50385 /* Notifications.h in Headers */ = {isa = PBXBuildFile; fileRef = 59C2B9280FF0ED7100B50385 /* Notifications.h */; };
		8D5B49AE048680CD000E48DA /* StereotaxPoint_Prefix.pch in Headers */ = {isa = PBXBuildFile; fileRef = 32DBCF630370AF2F00C91783 /* StereotaxPoint_Prefix.pch */; };
		8D5B49B4048680CD000E48DA /* Cocoa.framework in Frameworks */ = {isa = PBXBuildFile; fileRef = 1058C7ADFEA557BF11CA2CBB /* Cocoa.framework */; };
		ABA48A650680BB600089EB4F /* StereotaxPointFilter.h in Headers */ = {isa = PBXBuildFile; fileRef = ABA48A640680BB600089EB4F /* StereotaxPointFilter.h */; };
		ABA48A670680BB690089EB4F /* StereotaxPointFilter.m in Sources */ = {isa = PBXBuildFile; fileRef = ABA48A660680BB690089EB4F /* StereotaxPointFilter.m */; };
		ABB76340067FB2A8000912C1 /* DCMPix.h in Headers */ = {isa = PBXBuildFile; fileRef = ABB76339067FB2A8000912C1 /* DCMPix.h */; };
		ABB76341067FB2A8000912C1 /* DCMView.h in Headers */ = {isa = PBXBuildFile; fileRef = ABB7633A067FB2A8000912C1 /* DCMView.h */; };
		ABB76342067FB2A8000912C1 /* dicomFile.h in Headers */ = {isa = PBXBuildFile; fileRef = ABB7633B067FB2A8000912C1 /* dicomFile.h */; };
		ABB76343067FB2A8000912C1 /* MyPoint.h in Headers */ = {isa = PBXBuildFile; fileRef = ABB7633C067FB2A8000912C1 /* MyPoint.h */; };
		ABB76344067FB2A8000912C1 /* PluginFilter.h in Headers */ = {isa = PBXBuildFile; fileRef = ABB7633D067FB2A8000912C1 /* PluginFilter.h */; };
		ABB76345067FB2A8000912C1 /* ROI.h in Headers */ = {isa = PBXBuildFile; fileRef = ABB7633E067FB2A8000912C1 /* ROI.h */; };
		ABB76346067FB2A8000912C1 /* ViewerController.h in Headers */ = {isa = PBXBuildFile; fileRef = ABB7633F067FB2A8000912C1 /* ViewerController.h */; };
/* End PBXBuildFile section */

/* Begin PBXFileReference section */
		089C1672FE841209C02AAC07 /* Foundation.framework */ = {isa = PBXFileReference; lastKnownFileType = wrapper.framework; name = Foundation.framework; path = /System/Library/Frameworks/Foundation.framework; sourceTree = "<absolute>"; };
		089C167FFE841241C02AAC07 /* AppKit.framework */ = {isa = PBXFileReference; lastKnownFileType = wrapper.framework; name = AppKit.framework; path = /System/Library/Frameworks/AppKit.framework; sourceTree = "<absolute>"; };
		1058C7ADFEA557BF11CA2CBB /* Cocoa.framework */ = {isa = PBXFileReference; lastKnownFileType = wrapper.framework; name = Cocoa.framework; path = /System/Library/Frameworks/Cocoa.framework; sourceTree = "<absolute>"; };
		32DBCF630370AF2F00C91783 /* StereotaxPoint_Prefix.pch */ = {isa = PBXFileReference; fileEncoding = 4; lastKnownFileType = sourcecode.c.h; path = StereotaxPoint_Prefix.pch; sourceTree = "<group>"; };
		5807CE6E12E0F7E0007B0D76 /* English */ = {isa = PBXFileReference; fileEncoding = 4; lastKnownFileType = text.plist.strings; name = English; path = English.lproj/InfoPlist.strings; sourceTree = "<group>"; };
		5837788012D65B3800704695 /* StereotaxPointController.h */ = {isa = PBXFileReference; fileEncoding = 4; lastKnownFileType = sourcecode.c.h; path = StereotaxPointController.h; sourceTree = "<group>"; };
		5837788112D65B3800704695 /* StereotaxPointController.m */ = {isa = PBXFileReference; fileEncoding = 4; lastKnownFileType = sourcecode.c.objc; path = StereotaxPointController.m; sourceTree = "<group>"; };
		583778BB12D65DF800704695 /* StereotaxPointHUD.xib */ = {isa = PBXFileReference; lastKnownFileType = file.xib; path = StereotaxPointHUD.xib; sourceTree = "<group>"; };
		589A040412D7AC710020A7E6 /* CLUTOpacityView.h */ = {isa = PBXFileReference; fileEncoding = 4; lastKnownFileType = sourcecode.c.h; path = CLUTOpacityView.h; sourceTree = "<group>"; };
		589A040512D7AC710020A7E6 /* ColorTransferView.h */ = {isa = PBXFileReference; fileEncoding = 4; lastKnownFileType = sourcecode.c.h; path = ColorTransferView.h; sourceTree = "<group>"; };
		589A040612D7AC710020A7E6 /* ColorView.h */ = {isa = PBXFileReference; fileEncoding = 4; lastKnownFileType = sourcecode.c.h; path = ColorView.h; sourceTree = "<group>"; };
		589A040712D7AC710020A7E6 /* Camera.h */ = {isa = PBXFileReference; fileEncoding = 4; lastKnownFileType = sourcecode.c.h; path = Camera.h; sourceTree = "<group>"; };
		589A040812D7AC710020A7E6 /* FlyThru.h */ = {isa = PBXFileReference; fileEncoding = 4; lastKnownFileType = sourcecode.c.h; path = FlyThru.h; sourceTree = "<group>"; };
		589A040912D7AC710020A7E6 /* FlyThruAdapter.h */ = {isa = PBXFileReference; fileEncoding = 4; lastKnownFileType = sourcecode.c.h; path = FlyThruAdapter.h; sourceTree = "<group>"; };
		589A040A12D7AC710020A7E6 /* FlyThruController.h */ = {isa = PBXFileReference; fileEncoding = 4; lastKnownFileType = sourcecode.c.h; path = FlyThruController.h; sourceTree = "<group>"; };
		589A040B12D7AC710020A7E6 /* FlyThruStepsArrayController.h */ = {isa = PBXFileReference; fileEncoding = 4; lastKnownFileType = sourcecode.c.h; path = FlyThruStepsArrayController.h; sourceTree = "<group>"; };
		589A040C12D7AC710020A7E6 /* Interpolation3D.h */ = {isa = PBXFileReference; fileEncoding = 4; lastKnownFileType = sourcecode.c.h; path = Interpolation3D.h; sourceTree = "<group>"; };
		589A040D12D7AC710020A7E6 /* MPRDCMView.h */ = {isa = PBXFileReference; fileEncoding = 4; lastKnownFileType = sourcecode.c.h; path = MPRDCMView.h; sourceTree = "<group>"; };
		589A040E12D7AC710020A7E6 /* MPRController.h */ = {isa = PBXFileReference; fileEncoding = 4; lastKnownFileType = sourcecode.c.h; path = MPRController.h; sourceTree = "<group>"; };
		589A040F12D7AC710020A7E6 /* NSFullScreenWindow.h */ = {isa = PBXFileReference; fileEncoding = 4; lastKnownFileType = sourcecode.c.h; path = NSFullScreenWindow.h; sourceTree = "<group>"; };
		589A041012D7AC710020A7E6 /* OpacityTransferView.h */ = {isa = PBXFileReference; fileEncoding = 4; lastKnownFileType = sourcecode.c.h; path = OpacityTransferView.h; sourceTree = "<group>"; };
		589A041112D7AC710020A7E6 /* Point3D.h */ = {isa = PBXFileReference; fileEncoding = 4; lastKnownFileType = sourcecode.c.h; path = Point3D.h; sourceTree = "<group>"; };
		589A041212D7AC710020A7E6 /* QuicktimeExport.h */ = {isa = PBXFileReference; fileEncoding = 4; lastKnownFileType = sourcecode.c.h; path = QuicktimeExport.h; sourceTree = "<group>"; };
		589A041312D7AC710020A7E6 /* ShadingArrayController.h */ = {isa = PBXFileReference; fileEncoding = 4; lastKnownFileType = sourcecode.c.h; path = ShadingArrayController.h; sourceTree = "<group>"; };
		589A041412D7AC710020A7E6 /* VRController.h */ = {isa = PBXFileReference; fileEncoding = 4; lastKnownFileType = sourcecode.c.h; path = VRController.h; sourceTree = "<group>"; };
		589A041512D7AC710020A7E6 /* VRFlyThruAdapter.h */ = {isa = PBXFileReference; fileEncoding = 4; lastKnownFileType = sourcecode.c.h; path = VRFlyThruAdapter.h; sourceTree = "<group>"; };
		589A041612D7AC710020A7E6 /* VRView.h */ = {isa = PBXFileReference; fileEncoding = 4; lastKnownFileType = sourcecode.c.h; path = VRView.h; sourceTree = "<group>"; };
		589A041712D7AC710020A7E6 /* WaitRendering.h */ = {isa = PBXFileReference; fileEncoding = 4; lastKnownFileType = sourcecode.c.h; path = WaitRendering.h; sourceTree = "<group>"; };
		589A041812D7AC710020A7E6 /* Window3DController.h */ = {isa = PBXFileReference; fileEncoding = 4; lastKnownFileType = sourcecode.c.h; path = Window3DController.h; sourceTree = "<group>"; };
		589A043612D7AC820020A7E6 /* MPRHeaders.h */ = {isa = PBXFileReference; fileEncoding = 4; lastKnownFileType = sourcecode.c.h; path = MPRHeaders.h; sourceTree = "<group>"; };
		59C2B9280FF0ED7100B50385 /* Notifications.h */ = {isa = PBXFileReference; fileEncoding = 4; lastKnownFileType = sourcecode.c.h; path = Notifications.h; sourceTree = "<group>"; };
		8D5B49B7048680CD000E48DA /* Info.plist */ = {isa = PBXFileReference; fileEncoding = 4; lastKnownFileType = text.plist.xml; path = Info.plist; sourceTree = "<group>"; };
		AB5D36050680E57E00F4007A /* StereotaxPoint.osirixplugin */ = {isa = PBXFileReference; explicitFileType = wrapper.cfbundle; includeInIndex = 0; path = StereotaxPoint.osirixplugin; sourceTree = BUILT_PRODUCTS_DIR; };
		ABA48A640680BB600089EB4F /* StereotaxPointFilter.h */ = {isa = PBXFileReference; fileEncoding = 30; lastKnownFileType = sourcecode.c.h; path = StereotaxPointFilter.h; sourceTree = "<group>"; };
		ABA48A660680BB690089EB4F /* StereotaxPointFilter.m */ = {isa = PBXFileReference; fileEncoding = 30; lastKnownFileType = sourcecode.c.objc; path = StereotaxPointFilter.m; sourceTree = "<group>"; };
		ABB76339067FB2A8000912C1 /* DCMPix.h */ = {isa = PBXFileReference; fileEncoding = 30; lastKnownFileType = sourcecode.c.h; path = DCMPix.h; sourceTree = "<group>"; };
		ABB7633A067FB2A8000912C1 /* DCMView.h */ = {isa = PBXFileReference; fileEncoding = 30; lastKnownFileType = sourcecode.c.h; path = DCMView.h; sourceTree = "<group>"; };
		ABB7633B067FB2A8000912C1 /* dicomFile.h */ = {isa = PBXFileReference; fileEncoding = 30; lastKnownFileType = sourcecode.c.h; path = dicomFile.h; sourceTree = "<group>"; };
		ABB7633C067FB2A8000912C1 /* MyPoint.h */ = {isa = PBXFileReference; fileEncoding = 30; lastKnownFileType = sourcecode.c.h; path = MyPoint.h; sourceTree = "<group>"; };
		ABB7633D067FB2A8000912C1 /* PluginFilter.h */ = {isa = PBXFileReference; fileEncoding = 30; lastKnownFileType = sourcecode.c.h; path = PluginFilter.h; sourceTree = "<group>"; };
		ABB7633E067FB2A8000912C1 /* ROI.h */ = {isa = PBXFileReference; fileEncoding = 30; lastKnownFileType = sourcecode.c.h; path = ROI.h; sourceTree = "<group>"; };
		ABB7633F067FB2A8000912C1 /* ViewerController.h */ = {isa = PBXFileReference; fileEncoding = 30; lastKnownFileType = sourcecode.c.h; path = ViewerController.h; sourceTree = "<group>"; };
/* End PBXFileReference section */

/* Begin PBXFrameworksBuildPhase section */
		8D5B49B3048680CD000E48DA /* Frameworks */ = {
			isa = PBXFrameworksBuildPhase;
			buildActionMask = 2147483647;
			files = (
				8D5B49B4048680CD000E48DA /* Cocoa.framework in Frameworks */,
			);
			runOnlyForDeploymentPostprocessing = 0;
		};
/* End PBXFrameworksBuildPhase section */

/* Begin PBXGroup section */
		089C166AFE841209C02AAC07 /* StereotaxPoint */ = {
			isa = PBXGroup;
			children = (
				08FB77AFFE84173DC02AAC07 /* Classes */,
				32C88E010371C26100C91783 /* Other Sources */,
				089C167CFE841241C02AAC07 /* Resources */,
				089C1671FE841209C02AAC07 /* Frameworks and Libraries */,
				19C28FB8FE9D52D311CA2CBB /* Products */,
			);
			name = StereotaxPoint;
			sourceTree = "<group>";
		};
		089C1671FE841209C02AAC07 /* Frameworks and Libraries */ = {
			isa = PBXGroup;
			children = (
				1058C7ACFEA557BF11CA2CBB /* Linked Frameworks */,
				1058C7AEFEA557BF11CA2CBB /* Other Frameworks */,
			);
			name = "Frameworks and Libraries";
			sourceTree = "<group>";
		};
		089C167CFE841241C02AAC07 /* Resources */ = {
			isa = PBXGroup;
			children = (
				8D5B49B7048680CD000E48DA /* Info.plist */,
				5807CE6D12E0F7E0007B0D76 /* InfoPlist.strings */,
				583778BB12D65DF800704695 /* StereotaxPointHUD.xib */,
			);
			name = Resources;
			sourceTree = "<group>";
		};
		08FB77AFFE84173DC02AAC07 /* Classes */ = {
			isa = PBXGroup;
			children = (
				ABB76338067FB2A8000912C1 /* OsiriX Headers */,
				AB2C26750677B0C400A08910 /* StereotaxPointFilter */,
			);
			name = Classes;
			sourceTree = "<group>";
		};
		1058C7ACFEA557BF11CA2CBB /* Linked Frameworks */ = {
			isa = PBXGroup;
			children = (
				1058C7ADFEA557BF11CA2CBB /* Cocoa.framework */,
			);
			name = "Linked Frameworks";
			sourceTree = "<group>";
		};
		1058C7AEFEA557BF11CA2CBB /* Other Frameworks */ = {
			isa = PBXGroup;
			children = (
				089C1672FE841209C02AAC07 /* Foundation.framework */,
				089C167FFE841241C02AAC07 /* AppKit.framework */,
			);
			name = "Other Frameworks";
			sourceTree = "<group>";
		};
		19C28FB8FE9D52D311CA2CBB /* Products */ = {
			isa = PBXGroup;
			children = (
				AB5D36050680E57E00F4007A /* StereotaxPoint.osirixplugin */,
			);
			name = Products;
			sourceTree = "<group>";
		};
		32C88E010371C26100C91783 /* Other Sources */ = {
			isa = PBXGroup;
			children = (
				32DBCF630370AF2F00C91783 /* StereotaxPoint_Prefix.pch */,
			);
			name = "Other Sources";
			sourceTree = "<group>";
		};
		589A040312D7AC710020A7E6 /* MPR Headers */ = {
			isa = PBXGroup;
			children = (
				589A040412D7AC710020A7E6 /* CLUTOpacityView.h */,
				589A040512D7AC710020A7E6 /* ColorTransferView.h */,
				589A040612D7AC710020A7E6 /* ColorView.h */,
				589A040712D7AC710020A7E6 /* Camera.h */,
				589A040812D7AC710020A7E6 /* FlyThru.h */,
				589A040912D7AC710020A7E6 /* FlyThruAdapter.h */,
				589A040A12D7AC710020A7E6 /* FlyThruController.h */,
				589A040B12D7AC710020A7E6 /* FlyThruStepsArrayController.h */,
				589A040C12D7AC710020A7E6 /* Interpolation3D.h */,
				589A040D12D7AC710020A7E6 /* MPRDCMView.h */,
				589A040E12D7AC710020A7E6 /* MPRController.h */,
				589A040F12D7AC710020A7E6 /* NSFullScreenWindow.h */,
				589A041012D7AC710020A7E6 /* OpacityTransferView.h */,
				589A041112D7AC710020A7E6 /* Point3D.h */,
				589A041212D7AC710020A7E6 /* QuicktimeExport.h */,
				589A041312D7AC710020A7E6 /* ShadingArrayController.h */,
				589A041412D7AC710020A7E6 /* VRController.h */,
				589A041512D7AC710020A7E6 /* VRFlyThruAdapter.h */,
				589A041612D7AC710020A7E6 /* VRView.h */,
				589A041712D7AC710020A7E6 /* WaitRendering.h */,
				589A041812D7AC710020A7E6 /* Window3DController.h */,
			);
			name = "MPR Headers";
			sourceTree = "<group>";
		};
		AB2C26750677B0C400A08910 /* StereotaxPointFilter */ = {
			isa = PBXGroup;
			children = (
				5837788012D65B3800704695 /* StereotaxPointController.h */,
				5837788112D65B3800704695 /* StereotaxPointController.m */,
				ABA48A640680BB600089EB4F /* StereotaxPointFilter.h */,
				ABA48A660680BB690089EB4F /* StereotaxPointFilter.m */,
			);
			name = StereotaxPointFilter;
			sourceTree = "<group>";
		};
		ABB76338067FB2A8000912C1 /* OsiriX Headers */ = {
			isa = PBXGroup;
			children = (
				589A040312D7AC710020A7E6 /* MPR Headers */,
				589A043612D7AC820020A7E6 /* MPRHeaders.h */,
				ABB7633D067FB2A8000912C1 /* PluginFilter.h */,
				59C2B9280FF0ED7100B50385 /* Notifications.h */,
				ABB76339067FB2A8000912C1 /* DCMPix.h */,
				ABB7633A067FB2A8000912C1 /* DCMView.h */,
				ABB7633B067FB2A8000912C1 /* dicomFile.h */,
				ABB7633C067FB2A8000912C1 /* MyPoint.h */,
				ABB7633E067FB2A8000912C1 /* ROI.h */,
				ABB7633F067FB2A8000912C1 /* ViewerController.h */,
			);
			path = "OsiriX Headers";
			sourceTree = "<group>";
		};
/* End PBXGroup section */

/* Begin PBXHeadersBuildPhase section */
		8D5B49AD048680CD000E48DA /* Headers */ = {
			isa = PBXHeadersBuildPhase;
			buildActionMask = 2147483647;
			files = (
				8D5B49AE048680CD000E48DA /* StereotaxPoint_Prefix.pch in Headers */,
				ABB76340067FB2A8000912C1 /* DCMPix.h in Headers */,
				ABB76341067FB2A8000912C1 /* DCMView.h in Headers */,
				ABB76342067FB2A8000912C1 /* dicomFile.h in Headers */,
				ABB76343067FB2A8000912C1 /* MyPoint.h in Headers */,
				ABB76344067FB2A8000912C1 /* PluginFilter.h in Headers */,
				ABB76345067FB2A8000912C1 /* ROI.h in Headers */,
				ABB76346067FB2A8000912C1 /* ViewerController.h in Headers */,
				ABA48A650680BB600089EB4F /* StereotaxPointFilter.h in Headers */,
				59C2B9290FF0ED7100B50385 /* Notifications.h in Headers */,
				5837788212D65B3800704695 /* StereotaxPointController.h in Headers */,
				589A041912D7AC710020A7E6 /* CLUTOpacityView.h in Headers */,
				589A041A12D7AC710020A7E6 /* ColorTransferView.h in Headers */,
				589A041B12D7AC710020A7E6 /* ColorView.h in Headers */,
				589A041C12D7AC710020A7E6 /* Camera.h in Headers */,
				589A041D12D7AC710020A7E6 /* FlyThru.h in Headers */,
				589A041E12D7AC710020A7E6 /* FlyThruAdapter.h in Headers */,
				589A041F12D7AC710020A7E6 /* FlyThruController.h in Headers */,
				589A042012D7AC710020A7E6 /* FlyThruStepsArrayController.h in Headers */,
				589A042112D7AC710020A7E6 /* Interpolation3D.h in Headers */,
				589A042212D7AC710020A7E6 /* MPRDCMView.h in Headers */,
				589A042312D7AC710020A7E6 /* MPRController.h in Headers */,
				589A042412D7AC710020A7E6 /* NSFullScreenWindow.h in Headers */,
				589A042512D7AC710020A7E6 /* OpacityTransferView.h in Headers */,
				589A042612D7AC710020A7E6 /* Point3D.h in Headers */,
				589A042712D7AC710020A7E6 /* QuicktimeExport.h in Headers */,
				589A042812D7AC710020A7E6 /* ShadingArrayController.h in Headers */,
				589A042912D7AC710020A7E6 /* VRController.h in Headers */,
				589A042A12D7AC710020A7E6 /* VRFlyThruAdapter.h in Headers */,
				589A042B12D7AC710020A7E6 /* VRView.h in Headers */,
				589A042C12D7AC710020A7E6 /* WaitRendering.h in Headers */,
				589A042D12D7AC710020A7E6 /* Window3DController.h in Headers */,
				589A043712D7AC820020A7E6 /* MPRHeaders.h in Headers */,
			);
			runOnlyForDeploymentPostprocessing = 0;
		};
/* End PBXHeadersBuildPhase section */

/* Begin PBXNativeTarget section */
		8D5B49AC048680CD000E48DA /* StereotaxPoint */ = {
			isa = PBXNativeTarget;
			buildConfigurationList = CE6A9A9008AC841300D0C1EE /* Build configuration list for PBXNativeTarget "StereotaxPoint" */;
			buildPhases = (
				8D5B49AD048680CD000E48DA /* Headers */,
				8D5B49AF048680CD000E48DA /* Resources */,
				8D5B49B1048680CD000E48DA /* Sources */,
				8D5B49B3048680CD000E48DA /* Frameworks */,
				8D5B49B5048680CD000E48DA /* Rez */,
			);
			buildRules = (
			);
			dependencies = (
			);
			name = StereotaxPoint;
			productInstallPath = "$(HOME)/Library/Bundles";
			productName = Invert;
			productReference = AB5D36050680E57E00F4007A /* StereotaxPoint.osirixplugin */;
			productType = "com.apple.product-type.bundle";
		};
/* End PBXNativeTarget section */

/* Begin PBXProject section */
		089C1669FE841209C02AAC07 /* Project object */ = {
			isa = PBXProject;
			buildConfigurationList = CE6A9A9408AC841300D0C1EE /* Build configuration list for PBXProject "StereotaxPoint" */;
			compatibilityVersion = "Xcode 2.4";
			developmentRegion = English;
			hasScannedForEncodings = 1;
			knownRegions = (
				English,
				Japanese,
				French,
				German,
			);
			mainGroup = 089C166AFE841209C02AAC07 /* StereotaxPoint */;
			projectDirPath = "";
			projectRoot = "";
			targets = (
				8D5B49AC048680CD000E48DA /* StereotaxPoint */,
			);
		};
/* End PBXProject section */

/* Begin PBXResourcesBuildPhase section */
		8D5B49AF048680CD000E48DA /* Resources */ = {
			isa = PBXResourcesBuildPhase;
			buildActionMask = 2147483647;
			files = (
				583778BC12D65DF800704695 /* StereotaxPointHUD.xib in Resources */,
				5807CE6F12E0F7E0007B0D76 /* InfoPlist.strings in Resources */,
			);
			runOnlyForDeploymentPostprocessing = 0;
		};
/* End PBXResourcesBuildPhase section */

/* Begin PBXRezBuildPhase section */
		8D5B49B5048680CD000E48DA /* Rez */ = {
			isa = PBXRezBuildPhase;
			buildActionMask = 2147483647;
			files = (
			);
			runOnlyForDeploymentPostprocessing = 0;
		};
/* End PBXRezBuildPhase section */

/* Begin PBXSourcesBuildPhase section */
		8D5B49B1048680CD000E48DA /* Sources */ = {
			isa = PBXSourcesBuildPhase;
			buildActionMask = 2147483647;
			files = (
				ABA48A670680BB690089EB4F /* StereotaxPointFilter.m in Sources */,
				5837788312D65B3800704695 /* StereotaxPointController.m in Sources */,
			);
			runOnlyForDeploymentPostprocessing = 0;
		};
/* End PBXSourcesBuildPhase section */

/* Begin PBXVariantGroup section */
		5807CE6D12E0F7E0007B0D76 /* InfoPlist.strings */ = {
			isa = PBXVariantGroup;
			children = (
				5807CE6E12E0F7E0007B0D76 /* English */,
			);
			name = InfoPlist.strings;
			sourceTree = "<group>";
		};
/* End PBXVariantGroup section */

/* Begin XCBuildConfiguration section */
		CE6A9A9108AC841300D0C1EE /* Development */ = {
			isa = XCBuildConfiguration;
			buildSettings = {
				COPY_PHASE_STRIP = NO;
				DEBUGGING_SYMBOLS = YES;
				FRAMEWORK_SEARCH_PATHS = "";
				GCC_DYNAMIC_NO_PIC = NO;
				GCC_ENABLE_FIX_AND_CONTINUE = YES;
				GCC_ENABLE_TRIGRAPHS = NO;
				GCC_GENERATE_DEBUGGING_SYMBOLS = YES;
				GCC_OPTIMIZATION_LEVEL = 0;
				GCC_PRECOMPILE_PREFIX_HEADER = YES;
				GCC_PREFIX_HEADER = StereotaxPoint_Prefix.pch;
				GCC_WARN_FOUR_CHARACTER_CONSTANTS = NO;
				GCC_WARN_UNKNOWN_PRAGMAS = NO;
				HEADER_SEARCH_PATHS = "";
				INFOPLIST_FILE = Info.plist;
				INSTALL_PATH = "@executable_path/../Plug-ins";
				LIBRARY_SEARCH_PATHS = "";
				LIBRARY_STYLE = Bundle;
				MACOSX_DEPLOYMENT_TARGET = 10.5;
				OTHER_CFLAGS = "";
				OTHER_LDFLAGS = (
					"-undefined",
					dynamic_lookup,
				);
				OTHER_REZFLAGS = "";
				PRODUCT_NAME = StereotaxPoint;
				SECTORDER_FLAGS = "";
				WARNING_CFLAGS = (
					"-Wmost",
					"-Wno-four-char-constants",
					"-Wno-unknown-pragmas",
				);
				WRAPPER_EXTENSION = osirixplugin;
				ZERO_LINK = NO;
			};
			name = Development;
		};
		CE6A9A9208AC841300D0C1EE /* Deployment */ = {
			isa = XCBuildConfiguration;
			buildSettings = {
				COPY_PHASE_STRIP = YES;
				FRAMEWORK_SEARCH_PATHS = "";
				GCC_ENABLE_FIX_AND_CONTINUE = NO;
				GCC_ENABLE_TRIGRAPHS = NO;
				GCC_PRECOMPILE_PREFIX_HEADER = YES;
				GCC_PREFIX_HEADER = StereotaxPoint_Prefix.pch;
				GCC_WARN_FOUR_CHARACTER_CONSTANTS = NO;
				GCC_WARN_UNKNOWN_PRAGMAS = NO;
				HEADER_SEARCH_PATHS = "";
				INFOPLIST_FILE = Info.plist;
				LIBRARY_SEARCH_PATHS = "";
				LIBRARY_STYLE = Bundle;
				MACOSX_DEPLOYMENT_TARGET = 10.3;
				OTHER_CFLAGS = "";
				OTHER_LDFLAGS = (
					"-undefined",
					dynamic_lookup,
				);
				OTHER_REZFLAGS = "";
				PRODUCT_NAME = StereotaxPoint;
				SECTORDER_FLAGS = "";
				WARNING_CFLAGS = (
					"-Wmost",
					"-Wno-four-char-constants",
					"-Wno-unknown-pragmas",
				);
				ZERO_LINK = NO;
			};
			name = Deployment;
		};
		CE6A9A9308AC841300D0C1EE /* Default */ = {
			isa = XCBuildConfiguration;
			buildSettings = {
				FRAMEWORK_SEARCH_PATHS = "";
				GCC_ENABLE_TRIGRAPHS = NO;
				GCC_PRECOMPILE_PREFIX_HEADER = YES;
				GCC_PREFIX_HEADER = StereotaxPoint_Prefix.pch;
				GCC_WARN_FOUR_CHARACTER_CONSTANTS = NO;
				GCC_WARN_UNKNOWN_PRAGMAS = NO;
				HEADER_SEARCH_PATHS = "";
				INFOPLIST_FILE = Info.plist;
				LIBRARY_SEARCH_PATHS = "";
				LIBRARY_STYLE = Bundle;
				MACOSX_DEPLOYMENT_TARGET = 10.3;
				OTHER_CFLAGS = "";
				OTHER_LDFLAGS = (
					"-undefined",
					dynamic_lookup,
				);
				OTHER_REZFLAGS = "";
				PRODUCT_NAME = StereotaxPoint;
				SECTORDER_FLAGS = "";
				WARNING_CFLAGS = (
					"-Wmost",
					"-Wno-four-char-constants",
					"-Wno-unknown-pragmas",
				);
			};
			name = Default;
		};
		CE6A9A9508AC841300D0C1EE /* Development */ = {
			isa = XCBuildConfiguration;
			buildSettings = {
				ARCHS = (
					i386,
					ppc,
					ppc64,
					x86_64,
				);
				MACOSX_DEPLOYMENT_TARGET = 10.5;
				SDKROOT = /Developer/SDKs/MacOSX10.5.sdk;
			};
			name = Development;
		};
		CE6A9A9608AC841300D0C1EE /* Deployment */ = {
			isa = XCBuildConfiguration;
			buildSettings = {
				ARCHS = (
					ppc,
					i386,
				);
				MACOSX_DEPLOYMENT_TARGET = 10.4;
				SDKROOT = /Developer/SDKs/MacOSX10.5.sdk;
			};
			name = Deployment;
		};
		CE6A9A9708AC841300D0C1EE /* Default */ = {
			isa = XCBuildConfiguration;
			buildSettings = {
				ARCHS = (
					ppc,
					i386,
				);
				MACOSX_DEPLOYMENT_TARGET = 10.4;
				SDKROOT = /Developer/SDKs/MacOSX10.5.sdk;
			};
			name = Default;
		};
/* End XCBuildConfiguration section */

/* Begin XCConfigurationList section */
		CE6A9A9008AC841300D0C1EE /* Build configuration list for PBXNativeTarget "StereotaxPoint" */ = {
			isa = XCConfigurationList;
			buildConfigurations = (
				CE6A9A9108AC841300D0C1EE /* Development */,
				CE6A9A9208AC841300D0C1EE /* Deployment */,
				CE6A9A9308AC841300D0C1EE /* Default */,
			);
			defaultConfigurationIsVisible = 0;
			defaultConfigurationName = Development;
		};
		CE6A9A9408AC841300D0C1EE /* Build configuration list for PBXProject "StereotaxPoint" */ = {
			isa = XCConfigurationList;
			buildConfigurations = (
				CE6A9A9508AC841300D0C1EE /* Development */,
				CE6A9A9608AC841300D0C1EE /* Deployment */,
				CE6A9A9708AC841300D0C1EE /* Default */,
			);
			defaultConfigurationIsVisible = 0;
			defaultConfigurationName = Development;
		};
/* End XCConfigurationList section */
	};
	rootObject = 089C1669FE841209C02AAC07 /* Project object */;
}
