// !$*UTF8*$!
{
	archiveVersion = 1;
	classes = {
	};
	objectVersion = 42;
	objects = {

/* Begin PBXBuildFile section */
		5807CE2812E0F555007B0D76 /* InfoPlist.strings in Resources */ = {isa = PBXBuildFile; fileRef = 5807CE2612E0F555007B0D76 /* InfoPlist.strings */; };
		5837760D12D3D7D600704695 /* COPYING in Resources */ = {isa = PBXBuildFile; fileRef = 5837760C12D3D7D600704695 /* COPYING */; };
		5859052312B7CF3200AFD2A8 /* ResliceController.h in Headers */ = {isa = PBXBuildFile; fileRef = 5859052112B7CF3200AFD2A8 /* ResliceController.h */; };
		5859052412B7CF3200AFD2A8 /* ResliceController.m in Sources */ = {isa = PBXBuildFile; fileRef = 5859052212B7CF3200AFD2A8 /* ResliceController.m */; };
		585B6A38125E5BC400D42896 /* LineDividerController.h in Headers */ = {isa = PBXBuildFile; fileRef = 585B6A36125E5BC400D42896 /* LineDividerController.h */; };
		585B6A39125E5BC400D42896 /* LineDividerController.m in Sources */ = {isa = PBXBuildFile; fileRef = 585B6A37125E5BC400D42896 /* LineDividerController.m */; };
		585B6AE4125F662300D42896 /* TenTwentyController.h in Headers */ = {isa = PBXBuildFile; fileRef = 585B6AE2125F662300D42896 /* TenTwentyController.h */; };
		585B6AE5125F662300D42896 /* TenTwentyController.m in Sources */ = {isa = PBXBuildFile; fileRef = 585B6AE3125F662300D42896 /* TenTwentyController.m */; };
		585B740E1264B64F00D42896 /* TenTwentyHUD.xib in Resources */ = {isa = PBXBuildFile; fileRef = 585B740D1264B64F00D42896 /* TenTwentyHUD.xib */; };
		58915D0512B83394007A10A9 /* tenTwentyInstructions.plist in Resources */ = {isa = PBXBuildFile; fileRef = 58915D0412B83394007A10A9 /* tenTwentyInstructions.plist */; };
		58C9B0B0126CF28E00B3959E /* MPRController.h in Headers */ = {isa = PBXBuildFile; fileRef = 58C9B0AE126CF28E00B3959E /* MPRController.h */; };
		58C9B0B1126CF28E00B3959E /* MPRDCMView.h in Headers */ = {isa = PBXBuildFile; fileRef = 58C9B0AF126CF28E00B3959E /* MPRDCMView.h */; };
		58C9B0B3126CF2A100B3959E /* Camera.h in Headers */ = {isa = PBXBuildFile; fileRef = 58C9B0B2126CF2A100B3959E /* Camera.h */; };
		58C9B0C9126CF4AE00B3959E /* VRController.h in Headers */ = {isa = PBXBuildFile; fileRef = 58C9B0C8126CF4AE00B3959E /* VRController.h */; };
		58C9B0CD126CF4F600B3959E /* ColorTransferView.h in Headers */ = {isa = PBXBuildFile; fileRef = 58C9B0CC126CF4F600B3959E /* ColorTransferView.h */; };
		58C9B0CF126CF50800B3959E /* Window3DController.h in Headers */ = {isa = PBXBuildFile; fileRef = 58C9B0CE126CF50800B3959E /* Window3DController.h */; };
		58C9B0D1126CF52400B3959E /* ShadingArrayController.h in Headers */ = {isa = PBXBuildFile; fileRef = 58C9B0D0126CF52400B3959E /* ShadingArrayController.h */; };
		58C9B0D3126CF53900B3959E /* FlyThruController.h in Headers */ = {isa = PBXBuildFile; fileRef = 58C9B0D2126CF53900B3959E /* FlyThruController.h */; };
		58C9B0D5126CF54800B3959E /* FlyThru.h in Headers */ = {isa = PBXBuildFile; fileRef = 58C9B0D4126CF54800B3959E /* FlyThru.h */; };
		58C9B0D9126CFAEB00B3959E /* NSFullScreenWindow.h in Headers */ = {isa = PBXBuildFile; fileRef = 58C9B0D8126CFAEB00B3959E /* NSFullScreenWindow.h */; };
		58C9B0DB126CFAF700B3959E /* OpacityTransferView.h in Headers */ = {isa = PBXBuildFile; fileRef = 58C9B0DA126CFAF700B3959E /* OpacityTransferView.h */; };
		58C9B0DD126CFB1000B3959E /* Point3D.h in Headers */ = {isa = PBXBuildFile; fileRef = 58C9B0DC126CFB1000B3959E /* Point3D.h */; };
		58C9B0DF126CFB2000B3959E /* Interpolation3D.h in Headers */ = {isa = PBXBuildFile; fileRef = 58C9B0DE126CFB2000B3959E /* Interpolation3D.h */; };
		58C9B0E1126CFB3200B3959E /* FlyThruAdapter.h in Headers */ = {isa = PBXBuildFile; fileRef = 58C9B0E0126CFB3200B3959E /* FlyThruAdapter.h */; };
		58C9B0E3126CFB5200B3959E /* QuicktimeExport.h in Headers */ = {isa = PBXBuildFile; fileRef = 58C9B0E2126CFB5200B3959E /* QuicktimeExport.h */; };
		58C9B0E5126CFB6D00B3959E /* FlyThruStepsArrayController.h in Headers */ = {isa = PBXBuildFile; fileRef = 58C9B0E4126CFB6D00B3959E /* FlyThruStepsArrayController.h */; };
		58C9B0E9126CFB9000B3959E /* VRFlyThruAdapter.h in Headers */ = {isa = PBXBuildFile; fileRef = 58C9B0E8126CFB9000B3959E /* VRFlyThruAdapter.h */; };
		58C9B0EB126CFBA600B3959E /* ColorView.h in Headers */ = {isa = PBXBuildFile; fileRef = 58C9B0EA126CFBA600B3959E /* ColorView.h */; };
		58C9B0F6126CFC8600B3959E /* VRView.h in Headers */ = {isa = PBXBuildFile; fileRef = 58C9B0F5126CFC8600B3959E /* VRView.h */; };
		58C9B247126E1F5C00B3959E /* MPRHeaders.h in Headers */ = {isa = PBXBuildFile; fileRef = 58C9B245126E1F5C00B3959E /* MPRHeaders.h */; };
		58C9B24E126E200100B3959E /* CLUTOpacityView.h in Headers */ = {isa = PBXBuildFile; fileRef = 58C9B24D126E200100B3959E /* CLUTOpacityView.h */; };
		58C9B250126E201700B3959E /* WaitRendering.h in Headers */ = {isa = PBXBuildFile; fileRef = 58C9B24F126E201700B3959E /* WaitRendering.h */; };
		58C9B256126E20AB00B3959E /* ViewerController.h in Headers */ = {isa = PBXBuildFile; fileRef = 58C9B255126E20AB00B3959E /* ViewerController.h */; };
		58CF976C12BAAA0200FCFBBF /* TraceController.h in Headers */ = {isa = PBXBuildFile; fileRef = 58CF976A12BAAA0200FCFBBF /* TraceController.h */; };
		58CF976D12BAAA0200FCFBBF /* TraceController.m in Sources */ = {isa = PBXBuildFile; fileRef = 58CF976B12BAAA0200FCFBBF /* TraceController.m */; };
		59C2B9290FF0ED7100B50385 /* Notifications.h in Headers */ = {isa = PBXBuildFile; fileRef = 59C2B9280FF0ED7100B50385 /* Notifications.h */; };
		8D5B49AE048680CD000E48DA /* TenTwenty_Prefix.pch in Headers */ = {isa = PBXBuildFile; fileRef = 32DBCF630370AF2F00C91783 /* TenTwenty_Prefix.pch */; };
		8D5B49B4048680CD000E48DA /* Cocoa.framework in Frameworks */ = {isa = PBXBuildFile; fileRef = 1058C7ADFEA557BF11CA2CBB /* Cocoa.framework */; };
		ABA48A650680BB600089EB4F /* TenTwentyFilter.h in Headers */ = {isa = PBXBuildFile; fileRef = ABA48A640680BB600089EB4F /* TenTwentyFilter.h */; };
		ABA48A670680BB690089EB4F /* TenTwentyFilter.m in Sources */ = {isa = PBXBuildFile; fileRef = ABA48A660680BB690089EB4F /* TenTwentyFilter.m */; };
		ABB76340067FB2A8000912C1 /* DCMPix.h in Headers */ = {isa = PBXBuildFile; fileRef = ABB76339067FB2A8000912C1 /* DCMPix.h */; };
		ABB76341067FB2A8000912C1 /* DCMView.h in Headers */ = {isa = PBXBuildFile; fileRef = ABB7633A067FB2A8000912C1 /* DCMView.h */; };
		ABB76342067FB2A8000912C1 /* dicomFile.h in Headers */ = {isa = PBXBuildFile; fileRef = ABB7633B067FB2A8000912C1 /* dicomFile.h */; };
		ABB76343067FB2A8000912C1 /* MyPoint.h in Headers */ = {isa = PBXBuildFile; fileRef = ABB7633C067FB2A8000912C1 /* MyPoint.h */; };
		ABB76344067FB2A8000912C1 /* PluginFilter.h in Headers */ = {isa = PBXBuildFile; fileRef = ABB7633D067FB2A8000912C1 /* PluginFilter.h */; };
		ABB76345067FB2A8000912C1 /* ROI.h in Headers */ = {isa = PBXBuildFile; fileRef = ABB7633E067FB2A8000912C1 /* ROI.h */; };
/* End PBXBuildFile section */

/* Begin PBXFileReference section */
		089C1672FE841209C02AAC07 /* Foundation.framework */ = {isa = PBXFileReference; lastKnownFileType = wrapper.framework; name = Foundation.framework; path = /System/Library/Frameworks/Foundation.framework; sourceTree = "<absolute>"; };
		089C167FFE841241C02AAC07 /* AppKit.framework */ = {isa = PBXFileReference; lastKnownFileType = wrapper.framework; name = AppKit.framework; path = /System/Library/Frameworks/AppKit.framework; sourceTree = "<absolute>"; };
		1058C7ADFEA557BF11CA2CBB /* Cocoa.framework */ = {isa = PBXFileReference; lastKnownFileType = wrapper.framework; name = Cocoa.framework; path = /System/Library/Frameworks/Cocoa.framework; sourceTree = "<absolute>"; };
		32DBCF630370AF2F00C91783 /* TenTwenty_Prefix.pch */ = {isa = PBXFileReference; fileEncoding = 4; lastKnownFileType = sourcecode.c.h; path = TenTwenty_Prefix.pch; sourceTree = "<group>"; };
		5807CE2712E0F555007B0D76 /* English */ = {isa = PBXFileReference; fileEncoding = 4; lastKnownFileType = text.plist.strings; name = English; path = English.lproj/InfoPlist.strings; sourceTree = "<group>"; };
		5837760C12D3D7D600704695 /* COPYING */ = {isa = PBXFileReference; fileEncoding = 4; lastKnownFileType = text; path = COPYING; sourceTree = "<group>"; };
		5859052112B7CF3200AFD2A8 /* ResliceController.h */ = {isa = PBXFileReference; fileEncoding = 4; lastKnownFileType = sourcecode.c.h; path = ResliceController.h; sourceTree = "<group>"; };
		5859052212B7CF3200AFD2A8 /* ResliceController.m */ = {isa = PBXFileReference; fileEncoding = 4; lastKnownFileType = sourcecode.c.objc; path = ResliceController.m; sourceTree = "<group>"; };
		585B6A36125E5BC400D42896 /* LineDividerController.h */ = {isa = PBXFileReference; fileEncoding = 4; lastKnownFileType = sourcecode.c.h; path = LineDividerController.h; sourceTree = "<group>"; };
		585B6A37125E5BC400D42896 /* LineDividerController.m */ = {isa = PBXFileReference; fileEncoding = 4; lastKnownFileType = sourcecode.c.objc; path = LineDividerController.m; sourceTree = "<group>"; };
		585B6AE2125F662300D42896 /* TenTwentyController.h */ = {isa = PBXFileReference; fileEncoding = 4; lastKnownFileType = sourcecode.c.h; path = TenTwentyController.h; sourceTree = "<group>"; };
		585B6AE3125F662300D42896 /* TenTwentyController.m */ = {isa = PBXFileReference; fileEncoding = 4; lastKnownFileType = sourcecode.c.objc; path = TenTwentyController.m; sourceTree = "<group>"; };
		585B740D1264B64F00D42896 /* TenTwentyHUD.xib */ = {isa = PBXFileReference; lastKnownFileType = file.xib; path = TenTwentyHUD.xib; sourceTree = "<group>"; };
		58915D0412B83394007A10A9 /* tenTwentyInstructions.plist */ = {isa = PBXFileReference; fileEncoding = 4; lastKnownFileType = text.plist.xml; path = tenTwentyInstructions.plist; sourceTree = "<group>"; };
		58C9B0AE126CF28E00B3959E /* MPRController.h */ = {isa = PBXFileReference; fileEncoding = 4; lastKnownFileType = sourcecode.c.h; path = MPRController.h; sourceTree = "<group>"; };
		58C9B0AF126CF28E00B3959E /* MPRDCMView.h */ = {isa = PBXFileReference; fileEncoding = 4; lastKnownFileType = sourcecode.c.h; path = MPRDCMView.h; sourceTree = "<group>"; };
		58C9B0B2126CF2A100B3959E /* Camera.h */ = {isa = PBXFileReference; fileEncoding = 4; lastKnownFileType = sourcecode.c.h; path = Camera.h; sourceTree = "<group>"; };
		58C9B0C8126CF4AE00B3959E /* VRController.h */ = {isa = PBXFileReference; fileEncoding = 4; lastKnownFileType = sourcecode.c.h; path = VRController.h; sourceTree = "<group>"; };
		58C9B0CC126CF4F600B3959E /* ColorTransferView.h */ = {isa = PBXFileReference; fileEncoding = 4; lastKnownFileType = sourcecode.c.h; path = ColorTransferView.h; sourceTree = "<group>"; };
		58C9B0CE126CF50800B3959E /* Window3DController.h */ = {isa = PBXFileReference; fileEncoding = 4; lastKnownFileType = sourcecode.c.h; path = Window3DController.h; sourceTree = "<group>"; };
		58C9B0D0126CF52400B3959E /* ShadingArrayController.h */ = {isa = PBXFileReference; fileEncoding = 4; lastKnownFileType = sourcecode.c.h; path = ShadingArrayController.h; sourceTree = "<group>"; };
		58C9B0D2126CF53900B3959E /* FlyThruController.h */ = {isa = PBXFileReference; fileEncoding = 4; lastKnownFileType = sourcecode.c.h; path = FlyThruController.h; sourceTree = "<group>"; };
		58C9B0D4126CF54800B3959E /* FlyThru.h */ = {isa = PBXFileReference; fileEncoding = 4; lastKnownFileType = sourcecode.c.h; path = FlyThru.h; sourceTree = "<group>"; };
		58C9B0D8126CFAEB00B3959E /* NSFullScreenWindow.h */ = {isa = PBXFileReference; fileEncoding = 4; lastKnownFileType = sourcecode.c.h; path = NSFullScreenWindow.h; sourceTree = "<group>"; };
		58C9B0DA126CFAF700B3959E /* OpacityTransferView.h */ = {isa = PBXFileReference; fileEncoding = 4; lastKnownFileType = sourcecode.c.h; path = OpacityTransferView.h; sourceTree = "<group>"; };
		58C9B0DC126CFB1000B3959E /* Point3D.h */ = {isa = PBXFileReference; fileEncoding = 4; lastKnownFileType = sourcecode.c.h; path = Point3D.h; sourceTree = "<group>"; };
		58C9B0DE126CFB2000B3959E /* Interpolation3D.h */ = {isa = PBXFileReference; fileEncoding = 4; lastKnownFileType = sourcecode.c.h; path = Interpolation3D.h; sourceTree = "<group>"; };
		58C9B0E0126CFB3200B3959E /* FlyThruAdapter.h */ = {isa = PBXFileReference; fileEncoding = 4; lastKnownFileType = sourcecode.c.h; path = FlyThruAdapter.h; sourceTree = "<group>"; };
		58C9B0E2126CFB5200B3959E /* QuicktimeExport.h */ = {isa = PBXFileReference; fileEncoding = 4; lastKnownFileType = sourcecode.c.h; path = QuicktimeExport.h; sourceTree = "<group>"; };
		58C9B0E4126CFB6D00B3959E /* FlyThruStepsArrayController.h */ = {isa = PBXFileReference; fileEncoding = 4; lastKnownFileType = sourcecode.c.h; path = FlyThruStepsArrayController.h; sourceTree = "<group>"; };
		58C9B0E8126CFB9000B3959E /* VRFlyThruAdapter.h */ = {isa = PBXFileReference; fileEncoding = 4; lastKnownFileType = sourcecode.c.h; path = VRFlyThruAdapter.h; sourceTree = "<group>"; };
		58C9B0EA126CFBA600B3959E /* ColorView.h */ = {isa = PBXFileReference; fileEncoding = 4; lastKnownFileType = sourcecode.c.h; path = ColorView.h; sourceTree = "<group>"; };
		58C9B0F5126CFC8600B3959E /* VRView.h */ = {isa = PBXFileReference; fileEncoding = 4; lastKnownFileType = sourcecode.c.h; path = VRView.h; sourceTree = "<group>"; };
		58C9B245126E1F5C00B3959E /* MPRHeaders.h */ = {isa = PBXFileReference; fileEncoding = 4; lastKnownFileType = sourcecode.c.h; path = MPRHeaders.h; sourceTree = "<group>"; };
		58C9B24D126E200100B3959E /* CLUTOpacityView.h */ = {isa = PBXFileReference; fileEncoding = 4; lastKnownFileType = sourcecode.c.h; path = CLUTOpacityView.h; sourceTree = "<group>"; };
		58C9B24F126E201700B3959E /* WaitRendering.h */ = {isa = PBXFileReference; fileEncoding = 4; lastKnownFileType = sourcecode.c.h; path = WaitRendering.h; sourceTree = "<group>"; };
		58C9B255126E20AB00B3959E /* ViewerController.h */ = {isa = PBXFileReference; fileEncoding = 4; lastKnownFileType = sourcecode.c.h; path = ViewerController.h; sourceTree = "<group>"; };
		58CF976A12BAAA0200FCFBBF /* TraceController.h */ = {isa = PBXFileReference; fileEncoding = 4; lastKnownFileType = sourcecode.c.h; path = TraceController.h; sourceTree = "<group>"; };
		58CF976B12BAAA0200FCFBBF /* TraceController.m */ = {isa = PBXFileReference; fileEncoding = 4; lastKnownFileType = sourcecode.c.objc; path = TraceController.m; sourceTree = "<group>"; };
		59C2B9280FF0ED7100B50385 /* Notifications.h */ = {isa = PBXFileReference; fileEncoding = 4; lastKnownFileType = sourcecode.c.h; path = Notifications.h; sourceTree = "<group>"; };
		8D5B49B7048680CD000E48DA /* Info.plist */ = {isa = PBXFileReference; fileEncoding = 4; lastKnownFileType = text.plist.xml; path = Info.plist; sourceTree = "<group>"; };
		AB5D36050680E57E00F4007A /* TenTwenty.osirixplugin */ = {isa = PBXFileReference; explicitFileType = wrapper.cfbundle; includeInIndex = 0; path = TenTwenty.osirixplugin; sourceTree = BUILT_PRODUCTS_DIR; };
		ABA48A640680BB600089EB4F /* TenTwentyFilter.h */ = {isa = PBXFileReference; fileEncoding = 30; lastKnownFileType = sourcecode.c.h; path = TenTwentyFilter.h; sourceTree = "<group>"; };
		ABA48A660680BB690089EB4F /* TenTwentyFilter.m */ = {isa = PBXFileReference; fileEncoding = 30; lastKnownFileType = sourcecode.c.objc; path = TenTwentyFilter.m; sourceTree = "<group>"; };
		ABB76339067FB2A8000912C1 /* DCMPix.h */ = {isa = PBXFileReference; fileEncoding = 30; lastKnownFileType = sourcecode.c.h; path = DCMPix.h; sourceTree = "<group>"; };
		ABB7633A067FB2A8000912C1 /* DCMView.h */ = {isa = PBXFileReference; fileEncoding = 30; lastKnownFileType = sourcecode.c.h; path = DCMView.h; sourceTree = "<group>"; };
		ABB7633B067FB2A8000912C1 /* dicomFile.h */ = {isa = PBXFileReference; fileEncoding = 30; lastKnownFileType = sourcecode.c.h; path = dicomFile.h; sourceTree = "<group>"; };
		ABB7633C067FB2A8000912C1 /* MyPoint.h */ = {isa = PBXFileReference; fileEncoding = 30; lastKnownFileType = sourcecode.c.h; path = MyPoint.h; sourceTree = "<group>"; };
		ABB7633D067FB2A8000912C1 /* PluginFilter.h */ = {isa = PBXFileReference; fileEncoding = 30; lastKnownFileType = sourcecode.c.h; path = PluginFilter.h; sourceTree = "<group>"; };
		ABB7633E067FB2A8000912C1 /* ROI.h */ = {isa = PBXFileReference; fileEncoding = 30; lastKnownFileType = sourcecode.c.h; path = ROI.h; sourceTree = "<group>"; };
/* End PBXFileReference section */

/* Begin PBXFrameworksBuildPhase section */
		8D5B49B3048680CD000E48DA /* Frameworks */ = {
			isa = PBXFrameworksBuildPhase;
			buildActionMask = 2147483647;
			files = (
				8D5B49B4048680CD000E48DA /* Cocoa.framework in Frameworks */,
			);
			runOnlyForDeploymentPostprocessing = 0;
		};
/* End PBXFrameworksBuildPhase section */

/* Begin PBXGroup section */
		089C166AFE841209C02AAC07 /* TenTwenty */ = {
			isa = PBXGroup;
			children = (
				08FB77AFFE84173DC02AAC07 /* Classes */,
				32C88E010371C26100C91783 /* Other Sources */,
				089C167CFE841241C02AAC07 /* Resources */,
				089C1671FE841209C02AAC07 /* Frameworks and Libraries */,
				19C28FB8FE9D52D311CA2CBB /* Products */,
			);
			name = TenTwenty;
			sourceTree = "<group>";
		};
		089C1671FE841209C02AAC07 /* Frameworks and Libraries */ = {
			isa = PBXGroup;
			children = (
				1058C7ACFEA557BF11CA2CBB /* Linked Frameworks */,
				1058C7AEFEA557BF11CA2CBB /* Other Frameworks */,
			);
			name = "Frameworks and Libraries";
			sourceTree = "<group>";
		};
		089C167CFE841241C02AAC07 /* Resources */ = {
			isa = PBXGroup;
			children = (
				5837760C12D3D7D600704695 /* COPYING */,
				58915D0412B83394007A10A9 /* tenTwentyInstructions.plist */,
				585B740D1264B64F00D42896 /* TenTwentyHUD.xib */,
				8D5B49B7048680CD000E48DA /* Info.plist */,
				5807CE2612E0F555007B0D76 /* InfoPlist.strings */,
			);
			name = Resources;
			sourceTree = "<group>";
		};
		08FB77AFFE84173DC02AAC07 /* Classes */ = {
			isa = PBXGroup;
			children = (
				ABB76338067FB2A8000912C1 /* OsiriX Headers */,
				AB2C26750677B0C400A08910 /* TenTwentyFilter */,
			);
			name = Classes;
			sourceTree = "<group>";
		};
		1058C7ACFEA557BF11CA2CBB /* Linked Frameworks */ = {
			isa = PBXGroup;
			children = (
				1058C7ADFEA557BF11CA2CBB /* Cocoa.framework */,
			);
			name = "Linked Frameworks";
			sourceTree = "<group>";
		};
		1058C7AEFEA557BF11CA2CBB /* Other Frameworks */ = {
			isa = PBXGroup;
			children = (
				089C1672FE841209C02AAC07 /* Foundation.framework */,
				089C167FFE841241C02AAC07 /* AppKit.framework */,
			);
			name = "Other Frameworks";
			sourceTree = "<group>";
		};
		19C28FB8FE9D52D311CA2CBB /* Products */ = {
			isa = PBXGroup;
			children = (
				AB5D36050680E57E00F4007A /* TenTwenty.osirixplugin */,
			);
			name = Products;
			sourceTree = "<group>";
		};
		32C88E010371C26100C91783 /* Other Sources */ = {
			isa = PBXGroup;
			children = (
				32DBCF630370AF2F00C91783 /* TenTwenty_Prefix.pch */,
			);
			name = "Other Sources";
			sourceTree = "<group>";
		};
		58C9B0AB126CF22700B3959E /* MPR Headers */ = {
			isa = PBXGroup;
			children = (
				58C9B24D126E200100B3959E /* CLUTOpacityView.h */,
				58C9B0CC126CF4F600B3959E /* ColorTransferView.h */,
				58C9B0EA126CFBA600B3959E /* ColorView.h */,
				58C9B0B2126CF2A100B3959E /* Camera.h */,
				58C9B0D4126CF54800B3959E /* FlyThru.h */,
				58C9B0E0126CFB3200B3959E /* FlyThruAdapter.h */,
				58C9B0D2126CF53900B3959E /* FlyThruController.h */,
				58C9B0E4126CFB6D00B3959E /* FlyThruStepsArrayController.h */,
				58C9B0DE126CFB2000B3959E /* Interpolation3D.h */,
				58C9B0AF126CF28E00B3959E /* MPRDCMView.h */,
				58C9B0AE126CF28E00B3959E /* MPRController.h */,
				58C9B0D8126CFAEB00B3959E /* NSFullScreenWindow.h */,
				58C9B0DA126CFAF700B3959E /* OpacityTransferView.h */,
				58C9B0DC126CFB1000B3959E /* Point3D.h */,
				58C9B0E2126CFB5200B3959E /* QuicktimeExport.h */,
				58C9B0D0126CF52400B3959E /* ShadingArrayController.h */,
				58C9B0C8126CF4AE00B3959E /* VRController.h */,
				58C9B0E8126CFB9000B3959E /* VRFlyThruAdapter.h */,
				58C9B0F5126CFC8600B3959E /* VRView.h */,
				58C9B24F126E201700B3959E /* WaitRendering.h */,
				58C9B0CE126CF50800B3959E /* Window3DController.h */,
			);
			name = "MPR Headers";
			sourceTree = "<group>";
		};
		AB2C26750677B0C400A08910 /* TenTwentyFilter */ = {
			isa = PBXGroup;
			children = (
				585B6A36125E5BC400D42896 /* LineDividerController.h */,
				585B6A37125E5BC400D42896 /* LineDividerController.m */,
				5859052112B7CF3200AFD2A8 /* ResliceController.h */,
				5859052212B7CF3200AFD2A8 /* ResliceController.m */,
				58CF976A12BAAA0200FCFBBF /* TraceController.h */,
				58CF976B12BAAA0200FCFBBF /* TraceController.m */,
				585B6AE2125F662300D42896 /* TenTwentyController.h */,
				585B6AE3125F662300D42896 /* TenTwentyController.m */,
				ABA48A640680BB600089EB4F /* TenTwentyFilter.h */,
				ABA48A660680BB690089EB4F /* TenTwentyFilter.m */,
			);
			name = TenTwentyFilter;
			sourceTree = "<group>";
		};
		ABB76338067FB2A8000912C1 /* OsiriX Headers */ = {
			isa = PBXGroup;
			children = (
				58C9B0AB126CF22700B3959E /* MPR Headers */,
				58C9B245126E1F5C00B3959E /* MPRHeaders.h */,
				ABB7633D067FB2A8000912C1 /* PluginFilter.h */,
				59C2B9280FF0ED7100B50385 /* Notifications.h */,
				ABB76339067FB2A8000912C1 /* DCMPix.h */,
				ABB7633A067FB2A8000912C1 /* DCMView.h */,
				ABB7633B067FB2A8000912C1 /* dicomFile.h */,
				ABB7633C067FB2A8000912C1 /* MyPoint.h */,
				ABB7633E067FB2A8000912C1 /* ROI.h */,
				58C9B255126E20AB00B3959E /* ViewerController.h */,
			);
			path = "OsiriX Headers";
			sourceTree = "<group>";
		};
/* End PBXGroup section */

/* Begin PBXHeadersBuildPhase section */
		8D5B49AD048680CD000E48DA /* Headers */ = {
			isa = PBXHeadersBuildPhase;
			buildActionMask = 2147483647;
			files = (
				8D5B49AE048680CD000E48DA /* TenTwenty_Prefix.pch in Headers */,
				ABB76340067FB2A8000912C1 /* DCMPix.h in Headers */,
				ABB76341067FB2A8000912C1 /* DCMView.h in Headers */,
				ABB76342067FB2A8000912C1 /* dicomFile.h in Headers */,
				ABB76343067FB2A8000912C1 /* MyPoint.h in Headers */,
				ABB76344067FB2A8000912C1 /* PluginFilter.h in Headers */,
				ABB76345067FB2A8000912C1 /* ROI.h in Headers */,
				ABA48A650680BB600089EB4F /* TenTwentyFilter.h in Headers */,
				59C2B9290FF0ED7100B50385 /* Notifications.h in Headers */,
				585B6A38125E5BC400D42896 /* LineDividerController.h in Headers */,
				585B6AE4125F662300D42896 /* TenTwentyController.h in Headers */,
				58C9B0B0126CF28E00B3959E /* MPRController.h in Headers */,
				58C9B0B1126CF28E00B3959E /* MPRDCMView.h in Headers */,
				58C9B0B3126CF2A100B3959E /* Camera.h in Headers */,
				58C9B0C9126CF4AE00B3959E /* VRController.h in Headers */,
				58C9B0CD126CF4F600B3959E /* ColorTransferView.h in Headers */,
				58C9B0CF126CF50800B3959E /* Window3DController.h in Headers */,
				58C9B0D1126CF52400B3959E /* ShadingArrayController.h in Headers */,
				58C9B0D3126CF53900B3959E /* FlyThruController.h in Headers */,
				58C9B0D5126CF54800B3959E /* FlyThru.h in Headers */,
				58C9B0D9126CFAEB00B3959E /* NSFullScreenWindow.h in Headers */,
				58C9B0DB126CFAF700B3959E /* OpacityTransferView.h in Headers */,
				58C9B0DD126CFB1000B3959E /* Point3D.h in Headers */,
				58C9B0DF126CFB2000B3959E /* Interpolation3D.h in Headers */,
				58C9B0E1126CFB3200B3959E /* FlyThruAdapter.h in Headers */,
				58C9B0E3126CFB5200B3959E /* QuicktimeExport.h in Headers */,
				58C9B0E5126CFB6D00B3959E /* FlyThruStepsArrayController.h in Headers */,
				58C9B0E9126CFB9000B3959E /* VRFlyThruAdapter.h in Headers */,
				58C9B0EB126CFBA600B3959E /* ColorView.h in Headers */,
				58C9B0F6126CFC8600B3959E /* VRView.h in Headers */,
				58C9B247126E1F5C00B3959E /* MPRHeaders.h in Headers */,
				58C9B24E126E200100B3959E /* CLUTOpacityView.h in Headers */,
				58C9B250126E201700B3959E /* WaitRendering.h in Headers */,
				58C9B256126E20AB00B3959E /* ViewerController.h in Headers */,
				5859052312B7CF3200AFD2A8 /* ResliceController.h in Headers */,
				58CF976C12BAAA0200FCFBBF /* TraceController.h in Headers */,
			);
			runOnlyForDeploymentPostprocessing = 0;
		};
/* End PBXHeadersBuildPhase section */

/* Begin PBXNativeTarget section */
		8D5B49AC048680CD000E48DA /* TenTwenty */ = {
			isa = PBXNativeTarget;
			buildConfigurationList = CE6A9A9008AC841300D0C1EE /* Build configuration list for PBXNativeTarget "TenTwenty" */;
			buildPhases = (
				8D5B49AD048680CD000E48DA /* Headers */,
				8D5B49AF048680CD000E48DA /* Resources */,
				8D5B49B1048680CD000E48DA /* Sources */,
				8D5B49B3048680CD000E48DA /* Frameworks */,
				8D5B49B5048680CD000E48DA /* Rez */,
			);
			buildRules = (
			);
			dependencies = (
			);
			name = TenTwenty;
			productInstallPath = "$(HOME)/Library/Bundles";
			productName = Invert;
			productReference = AB5D36050680E57E00F4007A /* TenTwenty.osirixplugin */;
			productType = "com.apple.product-type.bundle";
		};
/* End PBXNativeTarget section */

/* Begin PBXProject section */
		089C1669FE841209C02AAC07 /* Project object */ = {
			isa = PBXProject;
			buildConfigurationList = CE6A9A9408AC841300D0C1EE /* Build configuration list for PBXProject "TenTwenty" */;
			compatibilityVersion = "Xcode 2.4";
			developmentRegion = English;
			hasScannedForEncodings = 1;
			knownRegions = (
				English,
				Japanese,
				French,
				German,
			);
			mainGroup = 089C166AFE841209C02AAC07 /* TenTwenty */;
			projectDirPath = "";
			projectRoot = "";
			targets = (
				8D5B49AC048680CD000E48DA /* TenTwenty */,
			);
		};
/* End PBXProject section */

/* Begin PBXResourcesBuildPhase section */
		8D5B49AF048680CD000E48DA /* Resources */ = {
			isa = PBXResourcesBuildPhase;
			buildActionMask = 2147483647;
			files = (
				585B740E1264B64F00D42896 /* TenTwentyHUD.xib in Resources */,
				58915D0512B83394007A10A9 /* tenTwentyInstructions.plist in Resources */,
				5837760D12D3D7D600704695 /* COPYING in Resources */,
				5807CE2812E0F555007B0D76 /* InfoPlist.strings in Resources */,
			);
			runOnlyForDeploymentPostprocessing = 0;
		};
/* End PBXResourcesBuildPhase section */

/* Begin PBXRezBuildPhase section */
		8D5B49B5048680CD000E48DA /* Rez */ = {
			isa = PBXRezBuildPhase;
			buildActionMask = 2147483647;
			files = (
			);
			runOnlyForDeploymentPostprocessing = 0;
		};
/* End PBXRezBuildPhase section */

/* Begin PBXSourcesBuildPhase section */
		8D5B49B1048680CD000E48DA /* Sources */ = {
			isa = PBXSourcesBuildPhase;
			buildActionMask = 2147483647;
			files = (
				ABA48A670680BB690089EB4F /* TenTwentyFilter.m in Sources */,
				585B6A39125E5BC400D42896 /* LineDividerController.m in Sources */,
				585B6AE5125F662300D42896 /* TenTwentyController.m in Sources */,
				5859052412B7CF3200AFD2A8 /* ResliceController.m in Sources */,
				58CF976D12BAAA0200FCFBBF /* TraceController.m in Sources */,
			);
			runOnlyForDeploymentPostprocessing = 0;
		};
/* End PBXSourcesBuildPhase section */

/* Begin PBXVariantGroup section */
		5807CE2612E0F555007B0D76 /* InfoPlist.strings */ = {
			isa = PBXVariantGroup;
			children = (
				5807CE2712E0F555007B0D76 /* English */,
			);
			name = InfoPlist.strings;
			sourceTree = "<group>";
		};
/* End PBXVariantGroup section */

/* Begin XCBuildConfiguration section */
		CE6A9A9108AC841300D0C1EE /* Development */ = {
			isa = XCBuildConfiguration;
			buildSettings = {
				COPY_PHASE_STRIP = NO;
				DEBUGGING_SYMBOLS = YES;
				FRAMEWORK_SEARCH_PATHS = "";
				GCC_DYNAMIC_NO_PIC = NO;
				GCC_ENABLE_FIX_AND_CONTINUE = YES;
				GCC_ENABLE_TRIGRAPHS = NO;
				GCC_GENERATE_DEBUGGING_SYMBOLS = YES;
				GCC_OPTIMIZATION_LEVEL = 0;
				GCC_PRECOMPILE_PREFIX_HEADER = YES;
				GCC_PREFIX_HEADER = TenTwenty_Prefix.pch;
				GCC_WARN_FOUR_CHARACTER_CONSTANTS = NO;
				GCC_WARN_UNKNOWN_PRAGMAS = NO;
				HEADER_SEARCH_PATHS = "";
				INFOPLIST_FILE = Info.plist;
				INSTALL_PATH = "@executable_path/../Plug-ins";
				LIBRARY_SEARCH_PATHS = "";
				LIBRARY_STYLE = Bundle;
				MACOSX_DEPLOYMENT_TARGET = 10.5;
				OTHER_CFLAGS = "";
				OTHER_LDFLAGS = (
					"-undefined",
					dynamic_lookup,
				);
				OTHER_REZFLAGS = "";
				PRODUCT_NAME = TenTwenty;
				SECTORDER_FLAGS = "";
				WARNING_CFLAGS = (
					"-Wmost",
					"-Wno-four-char-constants",
					"-Wno-unknown-pragmas",
				);
				WRAPPER_EXTENSION = osirixplugin;
				ZERO_LINK = NO;
			};
			name = Development;
		};
		CE6A9A9208AC841300D0C1EE /* Deployment */ = {
			isa = XCBuildConfiguration;
			buildSettings = {
				COPY_PHASE_STRIP = YES;
				FRAMEWORK_SEARCH_PATHS = "";
				GCC_ENABLE_FIX_AND_CONTINUE = NO;
				GCC_ENABLE_TRIGRAPHS = NO;
				GCC_PRECOMPILE_PREFIX_HEADER = YES;
				GCC_PREFIX_HEADER = TenTwenty_Prefix.pch;
				GCC_WARN_FOUR_CHARACTER_CONSTANTS = NO;
				GCC_WARN_UNKNOWN_PRAGMAS = NO;
				HEADER_SEARCH_PATHS = "";
				INFOPLIST_FILE = Info.plist;
				INSTALL_PATH = "@executable_path/../Plug-ins";
				LIBRARY_SEARCH_PATHS = "";
				LIBRARY_STYLE = Bundle;
				MACOSX_DEPLOYMENT_TARGET = 10.5;
				OTHER_CFLAGS = "";
				OTHER_LDFLAGS = (
					"-undefined",
					dynamic_lookup,
				);
				OTHER_REZFLAGS = "";
				PRODUCT_NAME = TenTwenty;
				SECTORDER_FLAGS = "";
				WARNING_CFLAGS = (
					"-Wmost",
					"-Wno-four-char-constants",
					"-Wno-unknown-pragmas",
				);
				WRAPPER_EXTENSION = osirixplugin;
				ZERO_LINK = NO;
			};
			name = Deployment;
		};
		CE6A9A9308AC841300D0C1EE /* Default */ = {
			isa = XCBuildConfiguration;
			buildSettings = {
				FRAMEWORK_SEARCH_PATHS = "";
				GCC_ENABLE_TRIGRAPHS = NO;
				GCC_PRECOMPILE_PREFIX_HEADER = YES;
				GCC_PREFIX_HEADER = TenTwenty_Prefix.pch;
				GCC_WARN_FOUR_CHARACTER_CONSTANTS = NO;
				GCC_WARN_UNKNOWN_PRAGMAS = NO;
				HEADER_SEARCH_PATHS = "";
				INFOPLIST_FILE = Info.plist;
				LIBRARY_SEARCH_PATHS = "";
				LIBRARY_STYLE = Bundle;
				MACOSX_DEPLOYMENT_TARGET = 10.3;
				OTHER_CFLAGS = "";
				OTHER_LDFLAGS = (
					"-undefined",
					dynamic_lookup,
				);
				OTHER_REZFLAGS = "";
				PRODUCT_NAME = TenTwenty;
				SECTORDER_FLAGS = "";
				WARNING_CFLAGS = (
					"-Wmost",
					"-Wno-four-char-constants",
					"-Wno-unknown-pragmas",
				);
			};
			name = Default;
		};
		CE6A9A9508AC841300D0C1EE /* Development */ = {
			isa = XCBuildConfiguration;
			buildSettings = {
				ARCHS = (
					i386,
					ppc,
					ppc64,
					x86_64,
				);
				GCC_PREPROCESSOR_DEFINITIONS = DEBUG;
				MACOSX_DEPLOYMENT_TARGET = 10.5;
				SDKROOT = /Developer/SDKs/MacOSX10.5.sdk;
			};
			name = Development;
		};
		CE6A9A9608AC841300D0C1EE /* Deployment */ = {
			isa = XCBuildConfiguration;
			buildSettings = {
				ARCHS = (
					ppc,
					i386,
				);
				MACOSX_DEPLOYMENT_TARGET = 10.5;
				SDKROOT = /Developer/SDKs/MacOSX10.5.sdk;
			};
			name = Deployment;
		};
		CE6A9A9708AC841300D0C1EE /* Default */ = {
			isa = XCBuildConfiguration;
			buildSettings = {
				ARCHS = (
					ppc,
					i386,
				);
				MACOSX_DEPLOYMENT_TARGET = 10.5;
				SDKROOT = /Developer/SDKs/MacOSX10.5.sdk;
			};
			name = Default;
		};
/* End XCBuildConfiguration section */

/* Begin XCConfigurationList section */
		CE6A9A9008AC841300D0C1EE /* Build configuration list for PBXNativeTarget "TenTwenty" */ = {
			isa = XCConfigurationList;
			buildConfigurations = (
				CE6A9A9108AC841300D0C1EE /* Development */,
				CE6A9A9208AC841300D0C1EE /* Deployment */,
				CE6A9A9308AC841300D0C1EE /* Default */,
			);
			defaultConfigurationIsVisible = 0;
			defaultConfigurationName = Development;
		};
		CE6A9A9408AC841300D0C1EE /* Build configuration list for PBXProject "TenTwenty" */ = {
			isa = XCConfigurationList;
			buildConfigurations = (
				CE6A9A9508AC841300D0C1EE /* Development */,
				CE6A9A9608AC841300D0C1EE /* Deployment */,
				CE6A9A9708AC841300D0C1EE /* Default */,
			);
			defaultConfigurationIsVisible = 0;
			defaultConfigurationName = Development;
		};
/* End XCConfigurationList section */
	};
	rootObject = 089C1669FE841209C02AAC07 /* Project object */;
}
